
Microsoft Visual Studio Solution File, Format Version 12.00
# Visual Studio Version 16
VisualStudioVersion = 16.0.30104.148
MinimumVisualStudioVersion = 10.0.40219.1
Project("{9A19103F-16F7-4668-BE54-9A1E7A4F7556}") = "FacebookCore", "FacebookCore\FacebookCore.csproj", "{5AECB266-5389-4CE0-AF75-83F08FB469B6}"
EndProject
Project("{9A19103F-16F7-4668-BE54-9A1E7A4F7556}") = "FacebookCore.IntegrationTests", "FacebookCore.Tests\FacebookCore.IntegrationTests.csproj", "{BA8B6303-F772-4B12-971B-D694E4E6ED86}"
EndProject
Global
	GlobalSection(SolutionConfigurationPlatforms) = preSolution
		Debug|Any CPU = Debug|Any CPU
		Release|Any CPU = Release|Any CPU
	EndGlobalSection
	GlobalSection(ProjectConfigurationPlatforms) = postSolution
		{5AECB266-5389-4CE0-AF75-83F08FB469B6}.Debug|Any CPU.ActiveCfg = Debug|Any CPU
		{5AECB266-5389-4CE0-AF75-83F08FB469B6}.Debug|Any CPU.Build.0 = Debug|Any CPU
		{5AECB266-5389-4CE0-AF75-83F08FB469B6}.Release|Any CPU.ActiveCfg = Release|Any CPU
		{5AECB266-5389-4CE0-AF75-83F08FB469B6}.Release|Any CPU.Build.0 = Release|Any CPU
		{BA8B6303-F772-4B12-971B-D694E4E6ED86}.Debug|Any CPU.ActiveCfg = Debug|Any CPU
		{BA8B6303-F772-4B12-971B-D694E4E6ED86}.Debug|Any CPU.Build.0 = Debug|Any CPU
		{BA8B6303-F772-4B12-971B-D694E4E6ED86}.Release|Any CPU.ActiveCfg = Release|Any CPU
		{BA8B6303-F772-4B12-971B-D694E4E6ED86}.Release|Any CPU.Build.0 = Release|Any CPU
	EndGlobalSection
	GlobalSection(SolutionProperties) = preSolution
		HideSolutionNode = FALSE
	EndGlobalSection
	GlobalSection(ExtensibilityGlobals) = postSolution
		SolutionGuid = {0A025B20-24BF-4221-B82C-56B6842113B5}
	EndGlobalSection
EndGlobal
